
Microsoft Visual Studio Solution File, Format Version 12.00
# Visual Studio 14
VisualStudioVersion = 14.0.25420.1
MinimumVisualStudioVersion = 10.0.40219.1
Project("{FAE04EC0-301F-11D3-BF4B-00C04F79EFBC}") = "WebApplication1", "WebApplication1\WebApplication1.csproj", "{71581D63-C64B-44DF-ACA7-E42B6F5182DC}"
EndProject
Project("{FAE04EC0-301F-11D3-BF4B-00C04F79EFBC}") = "WebApplication1.Tests", "WebApplication1.Tests\WebApplication1.Tests.csproj", "{890FE52C-9623-4CF6-BEC4-7C253CDED458}"
EndProject
Global
	GlobalSection(SolutionConfigurationPlatforms) = preSolution
		Debug|Any CPU = Debug|Any CPU
		Release|Any CPU = Release|Any CPU
	EndGlobalSection
	GlobalSection(ProjectConfigurationPlatforms) = postSolution
		{71581D63-C64B-44DF-ACA7-E42B6F5182DC}.Debug|Any CPU.ActiveCfg = Debug|Any CPU
		{71581D63-C64B-44DF-ACA7-E42B6F5182DC}.Debug|Any CPU.Build.0 = Debug|Any CPU
		{71581D63-C64B-44DF-ACA7-E42B6F5182DC}.Release|Any CPU.ActiveCfg = Release|Any CPU
		{71581D63-C64B-44DF-ACA7-E42B6F5182DC}.Release|Any CPU.Build.0 = Release|Any CPU
		{890FE52C-9623-4CF6-BEC4-7C253CDED458}.Debug|Any CPU.ActiveCfg = Debug|Any CPU
		{890FE52C-9623-4CF6-BEC4-7C253CDED458}.Debug|Any CPU.Build.0 = Debug|Any CPU
		{890FE52C-9623-4CF6-BEC4-7C253CDED458}.Release|Any CPU.ActiveCfg = Release|Any CPU
		{890FE52C-9623-4CF6-BEC4-7C253CDED458}.Release|Any CPU.Build.0 = Release|Any CPU
	EndGlobalSection
	GlobalSection(SolutionProperties) = preSolution
		HideSolutionNode = FALSE
	EndGlobalSection
EndGlobal
